
Microsoft Visual Studio Solution File, Format Version 12.00
# Visual Studio Version 16
VisualStudioVersion = 16.0.30406.217
MinimumVisualStudioVersion = 10.0.40219.1
Project("{9A19103F-16F7-4668-BE54-9A1E7A4F7556}") = "WebTest", "WebTest\WebTest.csproj", "{4DE32F98-8437-452A-9DB5-B76BDD620B0D}"
EndProject
Global
	GlobalSection(SolutionConfigurationPlatforms) = preSolution
		Debug|Any CPU = Debug|Any CPU
		Release|Any CPU = Release|Any CPU
	EndGlobalSection
	GlobalSection(ProjectConfigurationPlatforms) = postSolution
		{4DE32F98-8437-452A-9DB5-B76BDD620B0D}.Debug|Any CPU.ActiveCfg = Debug|Any CPU
		{4DE32F98-8437-452A-9DB5-B76BDD620B0D}.Debug|Any CPU.Build.0 = Debug|Any CPU
		{4DE32F98-8437-452A-9DB5-B76BDD620B0D}.Release|Any CPU.ActiveCfg = Release|Any CPU
		{4DE32F98-8437-452A-9DB5-B76BDD620B0D}.Release|Any CPU.Build.0 = Release|Any CPU
	EndGlobalSection
	GlobalSection(SolutionProperties) = preSolution
		HideSolutionNode = FALSE
	EndGlobalSection
	GlobalSection(ExtensibilityGlobals) = postSolution
		SolutionGuid = {159CFBCA-F554-4E2F-9E7B-0FF00A4FA5C2}
	EndGlobalSection
EndGlobal
