
Microsoft Visual Studio Solution File, Format Version 12.00
# Visual Studio 15
VisualStudioVersion = 15.0.28307.329
MinimumVisualStudioVersion = 10.0.40219.1
Project("{FAE04EC0-301F-11D3-BF4B-00C04F79EFBC}") = "Project", "Project\Project.csproj", "{C92E9639-2B5D-474A-B84E-F71C6FD0B205}"
EndProject
Global
	GlobalSection(SolutionConfigurationPlatforms) = preSolution
		Debug|Any CPU = Debug|Any CPU
		Release|Any CPU = Release|Any CPU
	EndGlobalSection
	GlobalSection(ProjectConfigurationPlatforms) = postSolution
		{C92E9639-2B5D-474A-B84E-F71C6FD0B205}.Debug|Any CPU.ActiveCfg = Debug|Any CPU
		{C92E9639-2B5D-474A-B84E-F71C6FD0B205}.Debug|Any CPU.Build.0 = Debug|Any CPU
		{C92E9639-2B5D-474A-B84E-F71C6FD0B205}.Release|Any CPU.ActiveCfg = Release|Any CPU
		{C92E9639-2B5D-474A-B84E-F71C6FD0B205}.Release|Any CPU.Build.0 = Release|Any CPU
	EndGlobalSection
	GlobalSection(SolutionProperties) = preSolution
		HideSolutionNode = FALSE
	EndGlobalSection
	GlobalSection(ExtensibilityGlobals) = postSolution
		SolutionGuid = {D2909DAB-E0BD-473B-BFB5-16C97A9CDB61}
	EndGlobalSection
EndGlobal
