
Microsoft Visual Studio Solution File, Format Version 12.00
# Visual Studio 15
VisualStudioVersion = 15.0.28010.2019
MinimumVisualStudioVersion = 10.0.40219.1
Project("{8BC9CEB8-8B4A-11D0-8D11-00A0C91BC942}") = "Prims ALgorithm", "Prims ALgorithm\Prims ALgorithm.vcxproj", "{DA12E593-E85C-4A44-9A9F-A32063FF1A68}"
EndProject
Global
	GlobalSection(SolutionConfigurationPlatforms) = preSolution
		Debug|x64 = Debug|x64
		Debug|x86 = Debug|x86
		Release|x64 = Release|x64
		Release|x86 = Release|x86
	EndGlobalSection
	GlobalSection(ProjectConfigurationPlatforms) = postSolution
		{DA12E593-E85C-4A44-9A9F-A32063FF1A68}.Debug|x64.ActiveCfg = Debug|x64
		{DA12E593-E85C-4A44-9A9F-A32063FF1A68}.Debug|x64.Build.0 = Debug|x64
		{DA12E593-E85C-4A44-9A9F-A32063FF1A68}.Debug|x86.ActiveCfg = Debug|Win32
		{DA12E593-E85C-4A44-9A9F-A32063FF1A68}.Debug|x86.Build.0 = Debug|Win32
		{DA12E593-E85C-4A44-9A9F-A32063FF1A68}.Release|x64.ActiveCfg = Release|x64
		{DA12E593-E85C-4A44-9A9F-A32063FF1A68}.Release|x64.Build.0 = Release|x64
		{DA12E593-E85C-4A44-9A9F-A32063FF1A68}.Release|x86.ActiveCfg = Release|Win32
		{DA12E593-E85C-4A44-9A9F-A32063FF1A68}.Release|x86.Build.0 = Release|Win32
	EndGlobalSection
	GlobalSection(SolutionProperties) = preSolution
		HideSolutionNode = FALSE
	EndGlobalSection
	GlobalSection(ExtensibilityGlobals) = postSolution
		SolutionGuid = {4F5D021C-C592-4F59-876C-1C296C87D23B}
	EndGlobalSection
EndGlobal
